
Microsoft Visual Studio Solution File, Format Version 12.00
# Visual Studio Version 16
VisualStudioVersion = 16.0.29123.88
MinimumVisualStudioVersion = 10.0.40219.1
Project("{2150E333-8FDC-42A3-9474-1A3956D46DE8}") = "17bang.CSharp", "17bang.CSharp", "{C31970A9-309E-4F22-B2F8-7E526BBEBAE7}"
EndProject
Project("{FAE04EC0-301F-11D3-BF4B-00C04F79EFBC}") = "DrawingOperations", "DrawingOperations\DrawingOperations.csproj", "{4C70BE02-5AB9-4E98-974E-9C27060CAB41}"
EndProject
Project("{9A19103F-16F7-4668-BE54-9A1E7A4F7556}") = "17helpTests", "17helpTests\17helpTests.csproj", "{09450206-E941-4F07-9F00-8A5C293A0F1E}"
EndProject
Project("{2150E333-8FDC-42A3-9474-1A3956D46DE8}") = "Testitem", "Testitem", "{83AB23E7-93DB-4122-B75B-EDC7AE84C5F7}"
EndProject
Project("{9A19103F-16F7-4668-BE54-9A1E7A4F7556}") = "17help", "17help.Cshrap\17help.csproj", "{7614C1CB-922B-468F-A8F9-E874E38F2B8F}"
EndProject
Project("{9A19103F-16F7-4668-BE54-9A1E7A4F7556}") = "17bnag", "17bnag\17bnag.csproj", "{7DEE3856-DDA4-43C6-9273-44F71BA88F12}"
EndProject
Project("{2150E333-8FDC-42A3-9474-1A3956D46DE8}") = "RazorPage", "RazorPage", "{C095F8E8-64ED-42D8-8E19-5FDE84B8D733}"
EndProject
Project("{2150E333-8FDC-42A3-9474-1A3956D46DE8}") = "MVC", "MVC", "{58BA363D-CD22-4D5C-88DD-15A2A5F290CA}"
EndProject
Project("{FAE04EC0-301F-11D3-BF4B-00C04F79EFBC}") = "UI", "17bangMvc\UI.csproj", "{6D8FFA6D-A86C-49C9-8848-82E53DD87ACA}"
EndProject
Project("{FAE04EC0-301F-11D3-BF4B-00C04F79EFBC}") = "DAL", "DAL\DAL.csproj", "{CA5A32A4-202F-4402-ADBA-F7B2511AF2DA}"
EndProject
Project("{FAE04EC0-301F-11D3-BF4B-00C04F79EFBC}") = "BLL", "BLL\BLL.csproj", "{6173C1FC-92BF-476E-86C4-D4820B120E17}"
EndProject
Project("{FAE04EC0-301F-11D3-BF4B-00C04F79EFBC}") = "MockService", "Service\MockService.csproj", "{3DC3786F-F9C5-49EC-B222-B2A4FD3C07DF}"
EndProject
Project("{2150E333-8FDC-42A3-9474-1A3956D46DE8}") = "SRV", "SRV", "{479B6424-8B97-448B-BEB6-5EEE74799378}"
EndProject
Project("{FAE04EC0-301F-11D3-BF4B-00C04F79EFBC}") = "ProdService", "ProdService\ProdService.csproj", "{13EA5BB3-4A54-4668-916A-8CFCECBA94E9}"
EndProject
Project("{FAE04EC0-301F-11D3-BF4B-00C04F79EFBC}") = "ServiceInterface", "ServiceInterface\ServiceInterface.csproj", "{52544295-D7D7-4F22-90E7-996C14A42462}"
EndProject
Project("{FAE04EC0-301F-11D3-BF4B-00C04F79EFBC}") = "ViewModel", "ViewModel\ViewModel.csproj", "{A11F63AB-1869-4B80-9C60-08D5F0845DCB}"
EndProject
Global
	GlobalSection(SolutionConfigurationPlatforms) = preSolution
		Debug|Any CPU = Debug|Any CPU
		Release|Any CPU = Release|Any CPU
	EndGlobalSection
	GlobalSection(ProjectConfigurationPlatforms) = postSolution
		{4C70BE02-5AB9-4E98-974E-9C27060CAB41}.Debug|Any CPU.ActiveCfg = Debug|Any CPU
		{4C70BE02-5AB9-4E98-974E-9C27060CAB41}.Debug|Any CPU.Build.0 = Debug|Any CPU
		{4C70BE02-5AB9-4E98-974E-9C27060CAB41}.Release|Any CPU.ActiveCfg = Release|Any CPU
		{4C70BE02-5AB9-4E98-974E-9C27060CAB41}.Release|Any CPU.Build.0 = Release|Any CPU
		{09450206-E941-4F07-9F00-8A5C293A0F1E}.Debug|Any CPU.ActiveCfg = Debug|Any CPU
		{09450206-E941-4F07-9F00-8A5C293A0F1E}.Debug|Any CPU.Build.0 = Debug|Any CPU
		{09450206-E941-4F07-9F00-8A5C293A0F1E}.Release|Any CPU.ActiveCfg = Release|Any CPU
		{09450206-E941-4F07-9F00-8A5C293A0F1E}.Release|Any CPU.Build.0 = Release|Any CPU
		{7614C1CB-922B-468F-A8F9-E874E38F2B8F}.Debug|Any CPU.ActiveCfg = Debug|Any CPU
		{7614C1CB-922B-468F-A8F9-E874E38F2B8F}.Debug|Any CPU.Build.0 = Debug|Any CPU
		{7614C1CB-922B-468F-A8F9-E874E38F2B8F}.Release|Any CPU.ActiveCfg = Release|Any CPU
		{7614C1CB-922B-468F-A8F9-E874E38F2B8F}.Release|Any CPU.Build.0 = Release|Any CPU
		{7DEE3856-DDA4-43C6-9273-44F71BA88F12}.Debug|Any CPU.ActiveCfg = Debug|Any CPU
		{7DEE3856-DDA4-43C6-9273-44F71BA88F12}.Debug|Any CPU.Build.0 = Debug|Any CPU
		{7DEE3856-DDA4-43C6-9273-44F71BA88F12}.Release|Any CPU.ActiveCfg = Release|Any CPU
		{7DEE3856-DDA4-43C6-9273-44F71BA88F12}.Release|Any CPU.Build.0 = Release|Any CPU
		{6D8FFA6D-A86C-49C9-8848-82E53DD87ACA}.Debug|Any CPU.ActiveCfg = Debug|Any CPU
		{6D8FFA6D-A86C-49C9-8848-82E53DD87ACA}.Debug|Any CPU.Build.0 = Debug|Any CPU
		{6D8FFA6D-A86C-49C9-8848-82E53DD87ACA}.Release|Any CPU.ActiveCfg = Release|Any CPU
		{6D8FFA6D-A86C-49C9-8848-82E53DD87ACA}.Release|Any CPU.Build.0 = Release|Any CPU
		{CA5A32A4-202F-4402-ADBA-F7B2511AF2DA}.Debug|Any CPU.ActiveCfg = Debug|Any CPU
		{CA5A32A4-202F-4402-ADBA-F7B2511AF2DA}.Debug|Any CPU.Build.0 = Debug|Any CPU
		{CA5A32A4-202F-4402-ADBA-F7B2511AF2DA}.Release|Any CPU.ActiveCfg = Release|Any CPU
		{CA5A32A4-202F-4402-ADBA-F7B2511AF2DA}.Release|Any CPU.Build.0 = Release|Any CPU
		{6173C1FC-92BF-476E-86C4-D4820B120E17}.Debug|Any CPU.ActiveCfg = Debug|Any CPU
		{6173C1FC-92BF-476E-86C4-D4820B120E17}.Debug|Any CPU.Build.0 = Debug|Any CPU
		{6173C1FC-92BF-476E-86C4-D4820B120E17}.Release|Any CPU.ActiveCfg = Release|Any CPU
		{6173C1FC-92BF-476E-86C4-D4820B120E17}.Release|Any CPU.Build.0 = Release|Any CPU
		{3DC3786F-F9C5-49EC-B222-B2A4FD3C07DF}.Debug|Any CPU.ActiveCfg = Debug|Any CPU
		{3DC3786F-F9C5-49EC-B222-B2A4FD3C07DF}.Debug|Any CPU.Build.0 = Debug|Any CPU
		{3DC3786F-F9C5-49EC-B222-B2A4FD3C07DF}.Release|Any CPU.ActiveCfg = Release|Any CPU
		{3DC3786F-F9C5-49EC-B222-B2A4FD3C07DF}.Release|Any CPU.Build.0 = Release|Any CPU
		{13EA5BB3-4A54-4668-916A-8CFCECBA94E9}.Debug|Any CPU.ActiveCfg = Debug|Any CPU
		{13EA5BB3-4A54-4668-916A-8CFCECBA94E9}.Debug|Any CPU.Build.0 = Debug|Any CPU
		{13EA5BB3-4A54-4668-916A-8CFCECBA94E9}.Release|Any CPU.ActiveCfg = Release|Any CPU
		{13EA5BB3-4A54-4668-916A-8CFCECBA94E9}.Release|Any CPU.Build.0 = Release|Any CPU
		{52544295-D7D7-4F22-90E7-996C14A42462}.Debug|Any CPU.ActiveCfg = Debug|Any CPU
		{52544295-D7D7-4F22-90E7-996C14A42462}.Debug|Any CPU.Build.0 = Debug|Any CPU
		{52544295-D7D7-4F22-90E7-996C14A42462}.Release|Any CPU.ActiveCfg = Release|Any CPU
		{52544295-D7D7-4F22-90E7-996C14A42462}.Release|Any CPU.Build.0 = Release|Any CPU
		{A11F63AB-1869-4B80-9C60-08D5F0845DCB}.Debug|Any CPU.ActiveCfg = Debug|Any CPU
		{A11F63AB-1869-4B80-9C60-08D5F0845DCB}.Debug|Any CPU.Build.0 = Debug|Any CPU
		{A11F63AB-1869-4B80-9C60-08D5F0845DCB}.Release|Any CPU.ActiveCfg = Release|Any CPU
		{A11F63AB-1869-4B80-9C60-08D5F0845DCB}.Release|Any CPU.Build.0 = Release|Any CPU
	EndGlobalSection
	GlobalSection(SolutionProperties) = preSolution
		HideSolutionNode = FALSE
	EndGlobalSection
	GlobalSection(NestedProjects) = preSolution
		{4C70BE02-5AB9-4E98-974E-9C27060CAB41} = {C31970A9-309E-4F22-B2F8-7E526BBEBAE7}
		{09450206-E941-4F07-9F00-8A5C293A0F1E} = {83AB23E7-93DB-4122-B75B-EDC7AE84C5F7}
		{7614C1CB-922B-468F-A8F9-E874E38F2B8F} = {C31970A9-309E-4F22-B2F8-7E526BBEBAE7}
		{7DEE3856-DDA4-43C6-9273-44F71BA88F12} = {C095F8E8-64ED-42D8-8E19-5FDE84B8D733}
		{6D8FFA6D-A86C-49C9-8848-82E53DD87ACA} = {58BA363D-CD22-4D5C-88DD-15A2A5F290CA}
		{CA5A32A4-202F-4402-ADBA-F7B2511AF2DA} = {58BA363D-CD22-4D5C-88DD-15A2A5F290CA}
		{6173C1FC-92BF-476E-86C4-D4820B120E17} = {58BA363D-CD22-4D5C-88DD-15A2A5F290CA}
		{3DC3786F-F9C5-49EC-B222-B2A4FD3C07DF} = {479B6424-8B97-448B-BEB6-5EEE74799378}
		{479B6424-8B97-448B-BEB6-5EEE74799378} = {58BA363D-CD22-4D5C-88DD-15A2A5F290CA}
		{13EA5BB3-4A54-4668-916A-8CFCECBA94E9} = {479B6424-8B97-448B-BEB6-5EEE74799378}
		{52544295-D7D7-4F22-90E7-996C14A42462} = {479B6424-8B97-448B-BEB6-5EEE74799378}
		{A11F63AB-1869-4B80-9C60-08D5F0845DCB} = {479B6424-8B97-448B-BEB6-5EEE74799378}
	EndGlobalSection
	GlobalSection(ExtensibilityGlobals) = postSolution
		SolutionGuid = {792CE548-DEE0-4A6C-A19D-6B3C21FC1B51}
	EndGlobalSection
EndGlobal
